Microsoft Visual Studio Solution File, Format Version 12.00
# Visual Studio Version 17
VisualStudioVersion = 17.5.2.0
MinimumVisualStudioVersion = 10.0.40219.1
Project("{FAE04EC0-301F-11D3-BF4B-00C04F79EFBC}") = "MazeServant v0.9", "MazeServant v0.9.csproj", "{ECC69CCD-B3AB-B6AC-3102-7CC6DB14ADEB}"
EndProject
Global
	GlobalSection(SolutionConfigurationPlatforms) = preSolution
		Debug|Any CPU = Debug|Any CPU
		Release|Any CPU = Release|Any CPU
	EndGlobalSection
	GlobalSection(ProjectConfigurationPlatforms) = postSolution
		{ECC69CCD-B3AB-B6AC-3102-7CC6DB14ADEB}.Debug|Any CPU.ActiveCfg = Debug|Any CPU
		{ECC69CCD-B3AB-B6AC-3102-7CC6DB14ADEB}.Debug|Any CPU.Build.0 = Debug|Any CPU
		{ECC69CCD-B3AB-B6AC-3102-7CC6DB14ADEB}.Release|Any CPU.ActiveCfg = Release|Any CPU
		{ECC69CCD-B3AB-B6AC-3102-7CC6DB14ADEB}.Release|Any CPU.Build.0 = Release|Any CPU
	EndGlobalSection
	GlobalSection(SolutionProperties) = preSolution
		HideSolutionNode = FALSE
	EndGlobalSection
	GlobalSection(ExtensibilityGlobals) = postSolution
		SolutionGuid = {F84860D1-C39E-494E-A993-580075865F46}
	EndGlobalSection
EndGlobal
